
Microsoft Visual Studio Solution File, Format Version 12.00
# Visual Studio Version 16
VisualStudioVersion = 16.0.31515.178
MinimumVisualStudioVersion = 10.0.40219.1
Project("{FAE04EC0-301F-11D3-BF4B-00C04F79EFBC}") = "Tarea9.0", "Tarea9.0.csproj", "{5EF5A93B-432E-494A-88C0-F61C8055CB44}"
EndProject
Global
	GlobalSection(SolutionConfigurationPlatforms) = preSolution
		Debug|Any CPU = Debug|Any CPU
		Release|Any CPU = Release|Any CPU
	EndGlobalSection
	GlobalSection(ProjectConfigurationPlatforms) = postSolution
		{5EF5A93B-432E-494A-88C0-F61C8055CB44}.Debug|Any CPU.ActiveCfg = Debug|Any CPU
		{5EF5A93B-432E-494A-88C0-F61C8055CB44}.Debug|Any CPU.Build.0 = Debug|Any CPU
		{5EF5A93B-432E-494A-88C0-F61C8055CB44}.Release|Any CPU.ActiveCfg = Release|Any CPU
		{5EF5A93B-432E-494A-88C0-F61C8055CB44}.Release|Any CPU.Build.0 = Release|Any CPU
	EndGlobalSection
	GlobalSection(SolutionProperties) = preSolution
		HideSolutionNode = FALSE
	EndGlobalSection
	GlobalSection(ExtensibilityGlobals) = postSolution
		SolutionGuid = {3E7DFA5F-AAEE-45C9-92F9-944711574D0F}
	EndGlobalSection
EndGlobal
